
Microsoft Visual Studio Solution File, Format Version 12.00
# Visual Studio Version 17
VisualStudioVersion = 17.11.35327.3
MinimumVisualStudioVersion = 10.0.40219.1
Project("{FAE04EC0-301F-11D3-BF4B-00C04F79EFBC}") = "GenericClass", "GenericClass.csproj", "{885237CB-1F50-436B-8F4C-07FED80A9283}"
EndProject
Global
	GlobalSection(SolutionConfigurationPlatforms) = preSolution
		Debug|Any CPU = Debug|Any CPU
		Release|Any CPU = Release|Any CPU
	EndGlobalSection
	GlobalSection(ProjectConfigurationPlatforms) = postSolution
		{885237CB-1F50-436B-8F4C-07FED80A9283}.Debug|Any CPU.ActiveCfg = Debug|Any CPU
		{885237CB-1F50-436B-8F4C-07FED80A9283}.Debug|Any CPU.Build.0 = Debug|Any CPU
		{885237CB-1F50-436B-8F4C-07FED80A9283}.Release|Any CPU.ActiveCfg = Release|Any CPU
		{885237CB-1F50-436B-8F4C-07FED80A9283}.Release|Any CPU.Build.0 = Release|Any CPU
	EndGlobalSection
	GlobalSection(SolutionProperties) = preSolution
		HideSolutionNode = FALSE
	EndGlobalSection
	GlobalSection(ExtensibilityGlobals) = postSolution
		SolutionGuid = {1C5AFA14-B0CA-47CD-96E4-F95D9BC17F6E}
	EndGlobalSection
EndGlobal
